
Microsoft Visual Studio Solution File, Format Version 12.00
# Visual Studio Version 17
VisualStudioVersion = 17.3.32929.385
MinimumVisualStudioVersion = 10.0.40219.1
Project("{888888A0-9F3D-457C-B088-3A5042F75D52}") = "URL Shortener using Python", "URL Shortener using Python\URL Shortener using Python.pyproj", "{03779AA2-1675-469B-939B-F957E14EFF54}"
EndProject
Global
	GlobalSection(SolutionConfigurationPlatforms) = preSolution
		Debug|Any CPU = Debug|Any CPU
		Release|Any CPU = Release|Any CPU
	EndGlobalSection
	GlobalSection(ProjectConfigurationPlatforms) = postSolution
		{03779AA2-1675-469B-939B-F957E14EFF54}.Debug|Any CPU.ActiveCfg = Debug|Any CPU
		{03779AA2-1675-469B-939B-F957E14EFF54}.Release|Any CPU.ActiveCfg = Release|Any CPU
	EndGlobalSection
	GlobalSection(SolutionProperties) = preSolution
		HideSolutionNode = FALSE
	EndGlobalSection
	GlobalSection(ExtensibilityGlobals) = postSolution
		SolutionGuid = {1C54728C-3981-48D6-8E60-AA0C63479B74}
	EndGlobalSection
EndGlobal
